{
  "name": "yosys2digitaljs",
  "version": "0.8.0",
  "lockfileVersion": 2,
  "requires": true,
  "packages": {
    "": {
      "name": "yosys2digitaljs",
      "version": "0.8.0",
      "license": "BSD-2-Clause",
      "dependencies": {
        "3vl": "^1.0.1",
        "big-integer": "^1.6.49",
        "hashmap": "^2.4.0",
        "minimist": "^1.2.5",
        "sanitize-filename": "^1.6.3",
        "tmp-promise": "^3.0.3",
        "topsort": "^0.0.2"
      },
      "devDependencies": {
        "@types/node": "^16.10.3",
        "typescript": "^4.4.3"
      },
      "engines": {
        "node": ">=8.11.1"
      }
    },
    "node_modules/@types/node": {
      "version": "16.10.3",
      "resolved": "https://registry.npmjs.org/@types/node/-/node-16.10.3.tgz",
      "integrity": "sha512-ho3Ruq+fFnBrZhUYI46n/bV2GjwzSkwuT4dTf0GkuNFmnb8nq4ny2z9JEVemFi6bdEJanHLlYfy9c6FN9B9McQ==",
      "dev": true
    },
    "node_modules/3vl": {
      "version": "1.0.1",
      "resolved": "https://registry.npmjs.org/3vl/-/3vl-1.0.1.tgz",
      "integrity": "sha512-Z75UMwicaLbb3p1FjL1cBxGq/rpJIv73h5LtHl3FWD7vfOSjxzU37LAYhyMYul4tZa0wZtsJHtqCYeisIsVlJw=="
    },
    "node_modules/big-integer": {
      "version": "1.6.49",
      "resolved": "https://registry.npmjs.org/big-integer/-/big-integer-1.6.49.tgz",
      "integrity": "sha512-KJ7VhqH+f/BOt9a3yMwJNmcZjG53ijWMTjSAGMveQWyLwqIiwkjNP5PFgDob3Snnx86SjDj6I89fIbv0dkQeNw==",
      "engines": {
        "node": ">=0.6"
      }
    },
    "node_modules/hashmap": {
      "version": "2.4.0",
      "resolved": "https://registry.npmjs.org/hashmap/-/hashmap-2.4.0.tgz",
      "integrity": "sha512-Ngj48lhnxJdnBAEVbubKBJuN1elfVLZJs94ZixRi98X3GCU4v6pgj9qRkHt6H8WaVJ69Wv0r1GhtS7hvF9zCgg==",
      "engines": {
        "node": "*"
      }
    },
    "node_modules/minimist": {
      "version": "1.2.8",
      "resolved": "https://registry.npmjs.org/minimist/-/minimist-1.2.8.tgz",
      "integrity": "sha512-2yyAR8qBkN3YuheJanUpWC5U3bb5osDywNB8RzDVlDwDHbocAJveqqj1u8+SVD7jkWT4yvsHCpWqqWqAxb0zCA==",
      "funding": {
        "url": "https://github.com/sponsors/ljharb"
      }
    },
    "node_modules/sanitize-filename": {
      "version": "1.6.3",
      "resolved": "https://registry.npmjs.org/sanitize-filename/-/sanitize-filename-1.6.3.tgz",
      "integrity": "sha512-y/52Mcy7aw3gRm7IrcGDFx/bCk4AhRh2eI9luHOQM86nZsqwiRkkq2GekHXBBD+SmPidc8i2PqtYZl+pWJ8Oeg==",
      "dependencies": {
        "truncate-utf8-bytes": "^1.0.0"
      }
    },
    "node_modules/tmp": {
      "version": "0.2.4",
      "resolved": "https://registry.npmjs.org/tmp/-/tmp-0.2.4.tgz",
      "integrity": "sha512-UdiSoX6ypifLmrfQ/XfiawN6hkjSBpCjhKxxZcWlUUmoXLaCKQU0bx4HF/tdDK2uzRuchf1txGvrWBzYREssoQ==",
      "engines": {
        "node": ">=14.14"
      }
    },
    "node_modules/tmp-promise": {
      "version": "3.0.3",
      "resolved": "https://registry.npmjs.org/tmp-promise/-/tmp-promise-3.0.3.tgz",
      "integrity": "sha512-RwM7MoPojPxsOBYnyd2hy0bxtIlVrihNs9pj5SUvY8Zz1sQcQG2tG1hSr8PDxfgEB8RNKDhqbIlroIarSNDNsQ==",
      "dependencies": {
        "tmp": "^0.2.0"
      }
    },
    "node_modules/topsort": {
      "version": "0.0.2",
      "resolved": "https://registry.npmjs.org/topsort/-/topsort-0.0.2.tgz",
      "integrity": "sha1-Ll4O6KFDlBfxAdW5stA15iAmMyE=",
      "engines": {
        "node": ">= 0.10.0"
      }
    },
    "node_modules/truncate-utf8-bytes": {
      "version": "1.0.2",
      "resolved": "https://registry.npmjs.org/truncate-utf8-bytes/-/truncate-utf8-bytes-1.0.2.tgz",
      "integrity": "sha1-QFkjkJWS1W94pYGENLC3hInKXys=",
      "dependencies": {
        "utf8-byte-length": "^1.0.1"
      }
    },
    "node_modules/typescript": {
      "version": "4.4.3",
      "resolved": "https://registry.npmjs.org/typescript/-/typescript-4.4.3.tgz",
      "integrity": "sha512-4xfscpisVgqqDfPaJo5vkd+Qd/ItkoagnHpufr+i2QCHBsNYp+G7UAoyFl8aPtx879u38wPV65rZ8qbGZijalA==",
      "dev": true,
      "bin": {
        "tsc": "bin/tsc",
        "tsserver": "bin/tsserver"
      },
      "engines": {
        "node": ">=4.2.0"
      }
    },
    "node_modules/utf8-byte-length": {
      "version": "1.0.4",
      "resolved": "https://registry.npmjs.org/utf8-byte-length/-/utf8-byte-length-1.0.4.tgz",
      "integrity": "sha1-9F8VDExm7uloGGUFq5P8u4rWv2E="
    }
  },
  "dependencies": {
    "@types/node": {
      "version": "16.10.3",
      "resolved": "https://registry.npmjs.org/@types/node/-/node-16.10.3.tgz",
      "integrity": "sha512-ho3Ruq+fFnBrZhUYI46n/bV2GjwzSkwuT4dTf0GkuNFmnb8nq4ny2z9JEVemFi6bdEJanHLlYfy9c6FN9B9McQ==",
      "dev": true
    },
    "3vl": {
      "version": "1.0.1",
      "resolved": "https://registry.npmjs.org/3vl/-/3vl-1.0.1.tgz",
      "integrity": "sha512-Z75UMwicaLbb3p1FjL1cBxGq/rpJIv73h5LtHl3FWD7vfOSjxzU37LAYhyMYul4tZa0wZtsJHtqCYeisIsVlJw=="
    },
    "big-integer": {
      "version": "1.6.49",
      "resolved": "https://registry.npmjs.org/big-integer/-/big-integer-1.6.49.tgz",
      "integrity": "sha512-KJ7VhqH+f/BOt9a3yMwJNmcZjG53ijWMTjSAGMveQWyLwqIiwkjNP5PFgDob3Snnx86SjDj6I89fIbv0dkQeNw=="
    },
    "hashmap": {
      "version": "2.4.0",
      "resolved": "https://registry.npmjs.org/hashmap/-/hashmap-2.4.0.tgz",
      "integrity": "sha512-Ngj48lhnxJdnBAEVbubKBJuN1elfVLZJs94ZixRi98X3GCU4v6pgj9qRkHt6H8WaVJ69Wv0r1GhtS7hvF9zCgg=="
    },
    "minimist": {
      "version": "1.2.8",
      "resolved": "https://registry.npmjs.org/minimist/-/minimist-1.2.8.tgz",
      "integrity": "sha512-2yyAR8qBkN3YuheJanUpWC5U3bb5osDywNB8RzDVlDwDHbocAJveqqj1u8+SVD7jkWT4yvsHCpWqqWqAxb0zCA=="
    },
    "sanitize-filename": {
      "version": "1.6.3",
      "resolved": "https://registry.npmjs.org/sanitize-filename/-/sanitize-filename-1.6.3.tgz",
      "integrity": "sha512-y/52Mcy7aw3gRm7IrcGDFx/bCk4AhRh2eI9luHOQM86nZsqwiRkkq2GekHXBBD+SmPidc8i2PqtYZl+pWJ8Oeg==",
      "requires": {
        "truncate-utf8-bytes": "^1.0.0"
      }
    },
    "tmp": {
      "version": "0.2.4",
      "resolved": "https://registry.npmjs.org/tmp/-/tmp-0.2.4.tgz",
      "integrity": "sha512-UdiSoX6ypifLmrfQ/XfiawN6hkjSBpCjhKxxZcWlUUmoXLaCKQU0bx4HF/tdDK2uzRuchf1txGvrWBzYREssoQ=="
    },
    "tmp-promise": {
      "version": "3.0.3",
      "resolved": "https://registry.npmjs.org/tmp-promise/-/tmp-promise-3.0.3.tgz",
      "integrity": "sha512-RwM7MoPojPxsOBYnyd2hy0bxtIlVrihNs9pj5SUvY8Zz1sQcQG2tG1hSr8PDxfgEB8RNKDhqbIlroIarSNDNsQ==",
      "requires": {
        "tmp": "^0.2.0"
      }
    },
    "topsort": {
      "version": "0.0.2",
      "resolved": "https://registry.npmjs.org/topsort/-/topsort-0.0.2.tgz",
      "integrity": "sha1-Ll4O6KFDlBfxAdW5stA15iAmMyE="
    },
    "truncate-utf8-bytes": {
      "version": "1.0.2",
      "resolved": "https://registry.npmjs.org/truncate-utf8-bytes/-/truncate-utf8-bytes-1.0.2.tgz",
      "integrity": "sha1-QFkjkJWS1W94pYGENLC3hInKXys=",
      "requires": {
        "utf8-byte-length": "^1.0.1"
      }
    },
    "typescript": {
      "version": "4.4.3",
      "resolved": "https://registry.npmjs.org/typescript/-/typescript-4.4.3.tgz",
      "integrity": "sha512-4xfscpisVgqqDfPaJo5vkd+Qd/ItkoagnHpufr+i2QCHBsNYp+G7UAoyFl8aPtx879u38wPV65rZ8qbGZijalA==",
      "dev": true
    },
    "utf8-byte-length": {
      "version": "1.0.4",
      "resolved": "https://registry.npmjs.org/utf8-byte-length/-/utf8-byte-length-1.0.4.tgz",
      "integrity": "sha1-9F8VDExm7uloGGUFq5P8u4rWv2E="
    }
  }
}
